
Microsoft Visual Studio Solution File, Format Version 12.00
# Visual Studio 15
VisualStudioVersion = 15.0.27428.2005
MinimumVisualStudioVersion = 10.0.40219.1
Project("{2150E333-8FDC-42A3-9474-1A3956D46DE8}") = "Interface", "Interface", "{E7E1488D-644D-444E-93FF-0B75AE61DC81}"
EndProject
Project("{2150E333-8FDC-42A3-9474-1A3956D46DE8}") = "Repository", "Repository", "{A88DC82B-6ED7-4D36-B41A-72902ADA3B8A}"
EndProject
Project("{2150E333-8FDC-42A3-9474-1A3956D46DE8}") = "Services", "Services", "{80013234-21BA-4C20-8414-9D6EAAA113E5}"
EndProject
Project("{2150E333-8FDC-42A3-9474-1A3956D46DE8}") = "Tests", "Tests", "{3C90EAA5-5B3C-4AB4-8D09-48431318A4D8}"
EndProject
Project("{FAE04EC0-301F-11D3-BF4B-00C04F79EFBC}") = "Optiek_Declercq.UI", "Optiek_Declercq.UI\Optiek_Declercq.UI.csproj", "{9F3A7F37-5626-41D1-BCC3-74C07736D3D1}"
EndProject
Project("{FAE04EC0-301F-11D3-BF4B-00C04F79EFBC}") = "Optiek_Declercq.Model", "Optiek_Declercq.Model\Optiek_Declercq.Model.csproj", "{15DAE08E-D710-459E-985D-181C4BC79178}"
EndProject
Project("{FAE04EC0-301F-11D3-BF4B-00C04F79EFBC}") = "Optiek_Declercq.Repository", "Optiek_Declercq.Repository\Optiek_Declercq.Repository.csproj", "{4C555B81-061C-49FE-B512-08AFE416033B}"
EndProject
Project("{FAE04EC0-301F-11D3-BF4B-00C04F79EFBC}") = "Optiek_Declercq.Services", "Optiek_Declercq.Services\Optiek_Declercq.Services.csproj", "{B0CA6201-CA47-481A-BF74-C2BC5BECD55B}"
EndProject
Project("{FAE04EC0-301F-11D3-BF4B-00C04F79EFBC}") = "Optiek_Declercq.Exception", "Optiek_Declercq.Exception\Optiek_Declercq.Exception.csproj", "{032AD8F4-7910-4DE5-A328-3E9D6B7E7A0F}"
EndProject
Project("{FAE04EC0-301F-11D3-BF4B-00C04F79EFBC}") = "Optiek_Declercq.Tests", "Optiek_Declercq.Tests\Optiek_Declercq.Tests.csproj", "{26C1A95D-5674-43D8-A983-CD8A9B566D0A}"
EndProject
Global
	GlobalSection(SolutionConfigurationPlatforms) = preSolution
		Debug|Any CPU = Debug|Any CPU
		Release|Any CPU = Release|Any CPU
	EndGlobalSection
	GlobalSection(ProjectConfigurationPlatforms) = postSolution
		{9F3A7F37-5626-41D1-BCC3-74C07736D3D1}.Debug|Any CPU.ActiveCfg = Debug|Any CPU
		{9F3A7F37-5626-41D1-BCC3-74C07736D3D1}.Debug|Any CPU.Build.0 = Debug|Any CPU
		{9F3A7F37-5626-41D1-BCC3-74C07736D3D1}.Release|Any CPU.ActiveCfg = Release|Any CPU
		{9F3A7F37-5626-41D1-BCC3-74C07736D3D1}.Release|Any CPU.Build.0 = Release|Any CPU
		{15DAE08E-D710-459E-985D-181C4BC79178}.Debug|Any CPU.ActiveCfg = Debug|Any CPU
		{15DAE08E-D710-459E-985D-181C4BC79178}.Debug|Any CPU.Build.0 = Debug|Any CPU
		{15DAE08E-D710-459E-985D-181C4BC79178}.Release|Any CPU.ActiveCfg = Release|Any CPU
		{15DAE08E-D710-459E-985D-181C4BC79178}.Release|Any CPU.Build.0 = Release|Any CPU
		{4C555B81-061C-49FE-B512-08AFE416033B}.Debug|Any CPU.ActiveCfg = Debug|Any CPU
		{4C555B81-061C-49FE-B512-08AFE416033B}.Debug|Any CPU.Build.0 = Debug|Any CPU
		{4C555B81-061C-49FE-B512-08AFE416033B}.Release|Any CPU.ActiveCfg = Release|Any CPU
		{4C555B81-061C-49FE-B512-08AFE416033B}.Release|Any CPU.Build.0 = Release|Any CPU
		{B0CA6201-CA47-481A-BF74-C2BC5BECD55B}.Debug|Any CPU.ActiveCfg = Debug|Any CPU
		{B0CA6201-CA47-481A-BF74-C2BC5BECD55B}.Debug|Any CPU.Build.0 = Debug|Any CPU
		{B0CA6201-CA47-481A-BF74-C2BC5BECD55B}.Release|Any CPU.ActiveCfg = Release|Any CPU
		{B0CA6201-CA47-481A-BF74-C2BC5BECD55B}.Release|Any CPU.Build.0 = Release|Any CPU
		{032AD8F4-7910-4DE5-A328-3E9D6B7E7A0F}.Debug|Any CPU.ActiveCfg = Debug|Any CPU
		{032AD8F4-7910-4DE5-A328-3E9D6B7E7A0F}.Debug|Any CPU.Build.0 = Debug|Any CPU
		{032AD8F4-7910-4DE5-A328-3E9D6B7E7A0F}.Release|Any CPU.ActiveCfg = Release|Any CPU
		{032AD8F4-7910-4DE5-A328-3E9D6B7E7A0F}.Release|Any CPU.Build.0 = Release|Any CPU
		{26C1A95D-5674-43D8-A983-CD8A9B566D0A}.Debug|Any CPU.ActiveCfg = Debug|Any CPU
		{26C1A95D-5674-43D8-A983-CD8A9B566D0A}.Debug|Any CPU.Build.0 = Debug|Any CPU
		{26C1A95D-5674-43D8-A983-CD8A9B566D0A}.Release|Any CPU.ActiveCfg = Release|Any CPU
		{26C1A95D-5674-43D8-A983-CD8A9B566D0A}.Release|Any CPU.Build.0 = Release|Any CPU
	EndGlobalSection
	GlobalSection(SolutionProperties) = preSolution
		HideSolutionNode = FALSE
	EndGlobalSection
	GlobalSection(NestedProjects) = preSolution
		{9F3A7F37-5626-41D1-BCC3-74C07736D3D1} = {E7E1488D-644D-444E-93FF-0B75AE61DC81}
		{15DAE08E-D710-459E-985D-181C4BC79178} = {A88DC82B-6ED7-4D36-B41A-72902ADA3B8A}
		{4C555B81-061C-49FE-B512-08AFE416033B} = {A88DC82B-6ED7-4D36-B41A-72902ADA3B8A}
		{B0CA6201-CA47-481A-BF74-C2BC5BECD55B} = {80013234-21BA-4C20-8414-9D6EAAA113E5}
		{032AD8F4-7910-4DE5-A328-3E9D6B7E7A0F} = {80013234-21BA-4C20-8414-9D6EAAA113E5}
		{26C1A95D-5674-43D8-A983-CD8A9B566D0A} = {3C90EAA5-5B3C-4AB4-8D09-48431318A4D8}
	EndGlobalSection
	GlobalSection(ExtensibilityGlobals) = postSolution
		SolutionGuid = {C57E7AAD-80F7-4433-A649-BABD03915AEA}
	EndGlobalSection
EndGlobal
